
Microsoft Visual Studio Solution File, Format Version 11.00
# Visual Studio 2010
Project("{FAE04EC0-301F-11D3-BF4B-00C04F79EFBC}") = "StackOverflow_20210463", "StackOverflow_20210463\StackOverflow_20210463.csproj", "{38376DFA-74BE-4D55-8132-A40D089CE95C}"
EndProject
Global
	GlobalSection(SolutionConfigurationPlatforms) = preSolution
		Debug|Any CPU = Debug|Any CPU
		Release|Any CPU = Release|Any CPU
	EndGlobalSection
	GlobalSection(ProjectConfigurationPlatforms) = postSolution
		{38376DFA-74BE-4D55-8132-A40D089CE95C}.Debug|Any CPU.ActiveCfg = Debug|Any CPU
		{38376DFA-74BE-4D55-8132-A40D089CE95C}.Debug|Any CPU.Build.0 = Debug|Any CPU
		{38376DFA-74BE-4D55-8132-A40D089CE95C}.Release|Any CPU.ActiveCfg = Release|Any CPU
		{38376DFA-74BE-4D55-8132-A40D089CE95C}.Release|Any CPU.Build.0 = Release|Any CPU
	EndGlobalSection
	GlobalSection(SolutionProperties) = preSolution
		HideSolutionNode = FALSE
	EndGlobalSection
EndGlobal
