
Microsoft Visual Studio Solution File, Format Version 12.00
# Visual Studio 2013
VisualStudioVersion = 12.0.30501.0
MinimumVisualStudioVersion = 10.0.40219.1
Project("{FAE04EC0-301F-11D3-BF4B-00C04F79EFBC}") = "StackOverflow_24779339", "StackOverflow_24779339\StackOverflow_24779339.csproj", "{891B1810-99BB-4B73-A2C5-06F0595DB810}"
EndProject
Project("{FAE04EC0-301F-11D3-BF4B-00C04F79EFBC}") = "UnitTests", "UnitTests\UnitTests.csproj", "{5CC1338C-22CD-4709-B59B-7CD80CC5FC43}"
EndProject
Global
	GlobalSection(SolutionConfigurationPlatforms) = preSolution
		Debug|Any CPU = Debug|Any CPU
		Release|Any CPU = Release|Any CPU
	EndGlobalSection
	GlobalSection(ProjectConfigurationPlatforms) = postSolution
		{891B1810-99BB-4B73-A2C5-06F0595DB810}.Debug|Any CPU.ActiveCfg = Debug|Any CPU
		{891B1810-99BB-4B73-A2C5-06F0595DB810}.Debug|Any CPU.Build.0 = Debug|Any CPU
		{891B1810-99BB-4B73-A2C5-06F0595DB810}.Release|Any CPU.ActiveCfg = Release|Any CPU
		{891B1810-99BB-4B73-A2C5-06F0595DB810}.Release|Any CPU.Build.0 = Release|Any CPU
		{5CC1338C-22CD-4709-B59B-7CD80CC5FC43}.Debug|Any CPU.ActiveCfg = Debug|Any CPU
		{5CC1338C-22CD-4709-B59B-7CD80CC5FC43}.Debug|Any CPU.Build.0 = Debug|Any CPU
		{5CC1338C-22CD-4709-B59B-7CD80CC5FC43}.Release|Any CPU.ActiveCfg = Release|Any CPU
		{5CC1338C-22CD-4709-B59B-7CD80CC5FC43}.Release|Any CPU.Build.0 = Release|Any CPU
	EndGlobalSection
	GlobalSection(SolutionProperties) = preSolution
		HideSolutionNode = FALSE
	EndGlobalSection
EndGlobal
